// !$*UTF8*$!
{
	archiveVersion = 1;
	classes = {
	};
	objectVersion = 50;
	objects = {

/* Begin PBXBuildFile section */
		B975DF1A253F4CC0008722AE /* AppDelegate.swift in Sources */ = {isa = PBXBuildFile; fileRef = B975DF19253F4CC0008722AE /* AppDelegate.swift */; };
		B975DF1C253F4CC0008722AE /* SceneDelegate.swift in Sources */ = {isa = PBXBuildFile; fileRef = B975DF1B253F4CC0008722AE /* SceneDelegate.swift */; };
		B975DF1E253F4CC0008722AE /* HomeTableViewController.swift in Sources */ = {isa = PBXBuildFile; fileRef = B975DF1D253F4CC0008722AE /* HomeTableViewController.swift */; };
		B975DF21253F4CC0008722AE /* Main.storyboard in Resources */ = {isa = PBXBuildFile; fileRef = B975DF1F253F4CC0008722AE /* Main.storyboard */; };
		B975DF23253F4CC0008722AE /* Assets.xcassets in Resources */ = {isa = PBXBuildFile; fileRef = B975DF22253F4CC0008722AE /* Assets.xcassets */; };
		B975DF26253F4CC0008722AE /* LaunchScreen.storyboard in Resources */ = {isa = PBXBuildFile; fileRef = B975DF24253F4CC0008722AE /* LaunchScreen.storyboard */; };
		B975DF30253F4CE6008722AE /* API.swift in Sources */ = {isa = PBXBuildFile; fileRef = B975DF2F253F4CE6008722AE /* API.swift */; };
		B975DF34253F4D18008722AE /* API+Item.swift in Sources */ = {isa = PBXBuildFile; fileRef = B975DF33253F4D18008722AE /* API+Item.swift */; };
		B975DF38253F4D38008722AE /* Item.swift in Sources */ = {isa = PBXBuildFile; fileRef = B975DF37253F4D38008722AE /* Item.swift */; };
		B975DF3E253F5202008722AE /* HomeTableViewCell.swift in Sources */ = {isa = PBXBuildFile; fileRef = B975DF3D253F5202008722AE /* HomeTableViewCell.swift */; };
		B975DF44253F5739008722AE /* UIViewController+PresentAlert.swift in Sources */ = {isa = PBXBuildFile; fileRef = B975DF43253F5739008722AE /* UIViewController+PresentAlert.swift */; };
		B975DF47253F5754008722AE /* UIViewController+PresentError.swift in Sources */ = {isa = PBXBuildFile; fileRef = B975DF46253F5754008722AE /* UIViewController+PresentError.swift */; };
		B975DF4B253F5C31008722AE /* Int+ParseString.swift in Sources */ = {isa = PBXBuildFile; fileRef = B975DF4A253F5C31008722AE /* Int+ParseString.swift */; };
/* End PBXBuildFile section */

/* Begin PBXFileReference section */
		B975DF16253F4CC0008722AE /* Fetch.app */ = {isa = PBXFileReference; explicitFileType = wrapper.application; includeInIndex = 0; path = Fetch.app; sourceTree = BUILT_PRODUCTS_DIR; };
		B975DF19253F4CC0008722AE /* AppDelegate.swift */ = {isa = PBXFileReference; lastKnownFileType = sourcecode.swift; path = AppDelegate.swift; sourceTree = "<group>"; };
		B975DF1B253F4CC0008722AE /* SceneDelegate.swift */ = {isa = PBXFileReference; lastKnownFileType = sourcecode.swift; path = SceneDelegate.swift; sourceTree = "<group>"; };
		B975DF1D253F4CC0008722AE /* HomeTableViewController.swift */ = {isa = PBXFileReference; lastKnownFileType = sourcecode.swift; path = HomeTableViewController.swift; sourceTree = "<group>"; };
		B975DF20253F4CC0008722AE /* Base */ = {isa = PBXFileReference; lastKnownFileType = file.storyboard; name = Base; path = Base.lproj/Main.storyboard; sourceTree = "<group>"; };
		B975DF22253F4CC0008722AE /* Assets.xcassets */ = {isa = PBXFileReference; lastKnownFileType = folder.assetcatalog; path = Assets.xcassets; sourceTree = "<group>"; };
		B975DF25253F4CC0008722AE /* Base */ = {isa = PBXFileReference; lastKnownFileType = file.storyboard; name = Base; path = Base.lproj/LaunchScreen.storyboard; sourceTree = "<group>"; };
		B975DF27253F4CC0008722AE /* Info.plist */ = {isa = PBXFileReference; lastKnownFileType = text.plist.xml; path = Info.plist; sourceTree = "<group>"; };
		B975DF2F253F4CE6008722AE /* API.swift */ = {isa = PBXFileReference; lastKnownFileType = sourcecode.swift; path = API.swift; sourceTree = "<group>"; };
		B975DF33253F4D18008722AE /* API+Item.swift */ = {isa = PBXFileReference; lastKnownFileType = sourcecode.swift; path = "API+Item.swift"; sourceTree = "<group>"; };
		B975DF37253F4D38008722AE /* Item.swift */ = {isa = PBXFileReference; lastKnownFileType = sourcecode.swift; path = Item.swift; sourceTree = "<group>"; };
		B975DF3D253F5202008722AE /* HomeTableViewCell.swift */ = {isa = PBXFileReference; lastKnownFileType = sourcecode.swift; path = HomeTableViewCell.swift; sourceTree = "<group>"; };
		B975DF43253F5739008722AE /* UIViewController+PresentAlert.swift */ = {isa = PBXFileReference; lastKnownFileType = sourcecode.swift; path = "UIViewController+PresentAlert.swift"; sourceTree = "<group>"; };
		B975DF46253F5754008722AE /* UIViewController+PresentError.swift */ = {isa = PBXFileReference; lastKnownFileType = sourcecode.swift; path = "UIViewController+PresentError.swift"; sourceTree = "<group>"; };
		B975DF4A253F5C31008722AE /* Int+ParseString.swift */ = {isa = PBXFileReference; lastKnownFileType = sourcecode.swift; path = "Int+ParseString.swift"; sourceTree = "<group>"; };
/* End PBXFileReference section */

/* Begin PBXFrameworksBuildPhase section */
		B975DF13253F4CC0008722AE /* Frameworks */ = {
			isa = PBXFrameworksBuildPhase;
			buildActionMask = 2147483647;
			files = (
			);
			runOnlyForDeploymentPostprocessing = 0;
		};
/* End PBXFrameworksBuildPhase section */

/* Begin PBXGroup section */
		B975DF0D253F4CC0008722AE = {
			isa = PBXGroup;
			children = (
				B975DF18253F4CC0008722AE /* Fetch */,
				B975DF17253F4CC0008722AE /* Products */,
			);
			sourceTree = "<group>";
		};
		B975DF17253F4CC0008722AE /* Products */ = {
			isa = PBXGroup;
			children = (
				B975DF16253F4CC0008722AE /* Fetch.app */,
			);
			name = Products;
			sourceTree = "<group>";
		};
		B975DF18253F4CC0008722AE /* Fetch */ = {
			isa = PBXGroup;
			children = (
				B975DF19253F4CC0008722AE /* AppDelegate.swift */,
				B975DF1B253F4CC0008722AE /* SceneDelegate.swift */,
				B975DF1D253F4CC0008722AE /* HomeTableViewController.swift */,
				B975DF3D253F5202008722AE /* HomeTableViewCell.swift */,
				B975DF1F253F4CC0008722AE /* Main.storyboard */,
				B975DF22253F4CC0008722AE /* Assets.xcassets */,
				B975DF24253F4CC0008722AE /* LaunchScreen.storyboard */,
				B975DF2E253F4CD5008722AE /* API */,
				B975DF40253F5704008722AE /* Utils */,
				B975DF27253F4CC0008722AE /* Info.plist */,
			);
			path = Fetch;
			sourceTree = "<group>";
		};
		B975DF2E253F4CD5008722AE /* API */ = {
			isa = PBXGroup;
			children = (
				B975DF36253F4D2F008722AE /* Models */,
				B975DF2F253F4CE6008722AE /* API.swift */,
				B975DF33253F4D18008722AE /* API+Item.swift */,
			);
			path = API;
			sourceTree = "<group>";
		};
		B975DF36253F4D2F008722AE /* Models */ = {
			isa = PBXGroup;
			children = (
				B975DF37253F4D38008722AE /* Item.swift */,
			);
			path = Models;
			sourceTree = "<group>";
		};
		B975DF40253F5704008722AE /* Utils */ = {
			isa = PBXGroup;
			children = (
				B975DF41253F5711008722AE /* Extensions */,
			);
			path = Utils;
			sourceTree = "<group>";
		};
		B975DF41253F5711008722AE /* Extensions */ = {
			isa = PBXGroup;
			children = (
				B975DF49253F5C23008722AE /* Int */,
				B975DF42253F571C008722AE /* UIViewController */,
			);
			path = Extensions;
			sourceTree = "<group>";
		};
		B975DF42253F571C008722AE /* UIViewController */ = {
			isa = PBXGroup;
			children = (
				B975DF43253F5739008722AE /* UIViewController+PresentAlert.swift */,
				B975DF46253F5754008722AE /* UIViewController+PresentError.swift */,
			);
			path = UIViewController;
			sourceTree = "<group>";
		};
		B975DF49253F5C23008722AE /* Int */ = {
			isa = PBXGroup;
			children = (
				B975DF4A253F5C31008722AE /* Int+ParseString.swift */,
			);
			path = Int;
			sourceTree = "<group>";
		};
/* End PBXGroup section */

/* Begin PBXNativeTarget section */
		B975DF15253F4CC0008722AE /* Fetch */ = {
			isa = PBXNativeTarget;
			buildConfigurationList = B975DF2A253F4CC0008722AE /* Build configuration list for PBXNativeTarget "Fetch" */;
			buildPhases = (
				B975DF12253F4CC0008722AE /* Sources */,
				B975DF13253F4CC0008722AE /* Frameworks */,
				B975DF14253F4CC0008722AE /* Resources */,
			);
			buildRules = (
			);
			dependencies = (
			);
			name = Fetch;
			productName = Fetch;
			productReference = B975DF16253F4CC0008722AE /* Fetch.app */;
			productType = "com.apple.product-type.application";
		};
/* End PBXNativeTarget section */

/* Begin PBXProject section */
		B975DF0E253F4CC0008722AE /* Project object */ = {
			isa = PBXProject;
			attributes = {
				LastSwiftUpdateCheck = 1200;
				LastUpgradeCheck = 1200;
				TargetAttributes = {
					B975DF15253F4CC0008722AE = {
						CreatedOnToolsVersion = 12.0.1;
					};
				};
			};
			buildConfigurationList = B975DF11253F4CC0008722AE /* Build configuration list for PBXProject "Fetch" */;
			compatibilityVersion = "Xcode 9.3";
			developmentRegion = en;
			hasScannedForEncodings = 0;
			knownRegions = (
				en,
				Base,
			);
			mainGroup = B975DF0D253F4CC0008722AE;
			productRefGroup = B975DF17253F4CC0008722AE /* Products */;
			projectDirPath = "";
			projectRoot = "";
			targets = (
				B975DF15253F4CC0008722AE /* Fetch */,
			);
		};
/* End PBXProject section */

/* Begin PBXResourcesBuildPhase section */
		B975DF14253F4CC0008722AE /* Resources */ = {
			isa = PBXResourcesBuildPhase;
			buildActionMask = 2147483647;
			files = (
				B975DF26253F4CC0008722AE /* LaunchScreen.storyboard in Resources */,
				B975DF23253F4CC0008722AE /* Assets.xcassets in Resources */,
				B975DF21253F4CC0008722AE /* Main.storyboard in Resources */,
			);
			runOnlyForDeploymentPostprocessing = 0;
		};
/* End PBXResourcesBuildPhase section */

/* Begin PBXSourcesBuildPhase section */
		B975DF12253F4CC0008722AE /* Sources */ = {
			isa = PBXSourcesBuildPhase;
			buildActionMask = 2147483647;
			files = (
				B975DF1E253F4CC0008722AE /* HomeTableViewController.swift in Sources */,
				B975DF34253F4D18008722AE /* API+Item.swift in Sources */,
				B975DF3E253F5202008722AE /* HomeTableViewCell.swift in Sources */,
				B975DF1A253F4CC0008722AE /* AppDelegate.swift in Sources */,
				B975DF30253F4CE6008722AE /* API.swift in Sources */,
				B975DF38253F4D38008722AE /* Item.swift in Sources */,
				B975DF1C253F4CC0008722AE /* SceneDelegate.swift in Sources */,
				B975DF47253F5754008722AE /* UIViewController+PresentError.swift in Sources */,
				B975DF4B253F5C31008722AE /* Int+ParseString.swift in Sources */,
				B975DF44253F5739008722AE /* UIViewController+PresentAlert.swift in Sources */,
			);
			runOnlyForDeploymentPostprocessing = 0;
		};
/* End PBXSourcesBuildPhase section */

/* Begin PBXVariantGroup section */
		B975DF1F253F4CC0008722AE /* Main.storyboard */ = {
			isa = PBXVariantGroup;
			children = (
				B975DF20253F4CC0008722AE /* Base */,
			);
			name = Main.storyboard;
			sourceTree = "<group>";
		};
		B975DF24253F4CC0008722AE /* LaunchScreen.storyboard */ = {
			isa = PBXVariantGroup;
			children = (
				B975DF25253F4CC0008722AE /* Base */,
			);
			name = LaunchScreen.storyboard;
			sourceTree = "<group>";
		};
/* End PBXVariantGroup section */

/* Begin XCBuildConfiguration section */
		B975DF28253F4CC0008722AE /* Debug */ = {
			isa = XCBuildConfiguration;
			buildSettings = {
				ALWAYS_SEARCH_USER_PATHS = NO;
				CLANG_ANALYZER_NONNULL = YES;
				CLANG_ANALYZER_NUMBER_OBJECT_CONVERSION = YES_AGGRESSIVE;
				CLANG_CXX_LANGUAGE_STANDARD = "gnu++14";
				CLANG_CXX_LIBRARY = "libc++";
				CLANG_ENABLE_MODULES = YES;
				CLANG_ENABLE_OBJC_ARC = YES;
				CLANG_ENABLE_OBJC_WEAK = YES;
				CLANG_WARN_BLOCK_CAPTURE_AUTORELEASING = YES;
				CLANG_WARN_BOOL_CONVERSION = YES;
				CLANG_WARN_COMMA = YES;
				CLANG_WARN_CONSTANT_CONVERSION = YES;
				CLANG_WARN_DEPRECATED_OBJC_IMPLEMENTATIONS = YES;
				CLANG_WARN_DIRECT_OBJC_ISA_USAGE = YES_ERROR;
				CLANG_WARN_DOCUMENTATION_COMMENTS = YES;
				CLANG_WARN_EMPTY_BODY = YES;
				CLANG_WARN_ENUM_CONVERSION = YES;
				CLANG_WARN_INFINITE_RECURSION = YES;
				CLANG_WARN_INT_CONVERSION = YES;
				CLANG_WARN_NON_LITERAL_NULL_CONVERSION = YES;
				CLANG_WARN_OBJC_IMPLICIT_RETAIN_SELF = YES;
				CLANG_WARN_OBJC_LITERAL_CONVERSION = YES;
				CLANG_WARN_OBJC_ROOT_CLASS = YES_ERROR;
				CLANG_WARN_QUOTED_INCLUDE_IN_FRAMEWORK_HEADER = YES;
				CLANG_WARN_RANGE_LOOP_ANALYSIS = YES;
				CLANG_WARN_STRICT_PROTOTYPES = YES;
				CLANG_WARN_SUSPICIOUS_MOVE = YES;
				CLANG_WARN_UNGUARDED_AVAILABILITY = YES_AGGRESSIVE;
				CLANG_WARN_UNREACHABLE_CODE = YES;
				CLANG_WARN__DUPLICATE_METHOD_MATCH = YES;
				COPY_PHASE_STRIP = NO;
				DEBUG_INFORMATION_FORMAT = dwarf;
				ENABLE_STRICT_OBJC_MSGSEND = YES;
				ENABLE_TESTABILITY = YES;
				GCC_C_LANGUAGE_STANDARD = gnu11;
				GCC_DYNAMIC_NO_PIC = NO;
				GCC_NO_COMMON_BLOCKS = YES;
				GCC_OPTIMIZATION_LEVEL = 0;
				GCC_PREPROCESSOR_DEFINITIONS = (
					"DEBUG=1",
					"$(inherited)",
				);
				GCC_WARN_64_TO_32_BIT_CONVERSION = YES;
				GCC_WARN_ABOUT_RETURN_TYPE = YES_ERROR;
				GCC_WARN_UNDECLARED_SELECTOR = YES;
				GCC_WARN_UNINITIALIZED_AUTOS = YES_AGGRESSIVE;
				GCC_WARN_UNUSED_FUNCTION = YES;
				GCC_WARN_UNUSED_VARIABLE = YES;
				IPHONEOS_DEPLOYMENT_TARGET = 14.0;
				MTL_ENABLE_DEBUG_INFO = INCLUDE_SOURCE;
				MTL_FAST_MATH = YES;
				ONLY_ACTIVE_ARCH = YES;
				SDKROOT = iphoneos;
				SWIFT_ACTIVE_COMPILATION_CONDITIONS = DEBUG;
				SWIFT_OPTIMIZATION_LEVEL = "-Onone";
			};
			name = Debug;
		};
		B975DF29253F4CC0008722AE /* Release */ = {
			isa = XCBuildConfiguration;
			buildSettings = {
				ALWAYS_SEARCH_USER_PATHS = NO;
				CLANG_ANALYZER_NONNULL = YES;
				CLANG_ANALYZER_NUMBER_OBJECT_CONVERSION = YES_AGGRESSIVE;
				CLANG_CXX_LANGUAGE_STANDARD = "gnu++14";
				CLANG_CXX_LIBRARY = "libc++";
				CLANG_ENABLE_MODULES = YES;
				CLANG_ENABLE_OBJC_ARC = YES;
				CLANG_ENABLE_OBJC_WEAK = YES;
				CLANG_WARN_BLOCK_CAPTURE_AUTORELEASING = YES;
				CLANG_WARN_BOOL_CONVERSION = YES;
				CLANG_WARN_COMMA = YES;
				CLANG_WARN_CONSTANT_CONVERSION = YES;
				CLANG_WARN_DEPRECATED_OBJC_IMPLEMENTATIONS = YES;
				CLANG_WARN_DIRECT_OBJC_ISA_USAGE = YES_ERROR;
				CLANG_WARN_DOCUMENTATION_COMMENTS = YES;
				CLANG_WARN_EMPTY_BODY = YES;
				CLANG_WARN_ENUM_CONVERSION = YES;
				CLANG_WARN_INFINITE_RECURSION = YES;
				CLANG_WARN_INT_CONVERSION = YES;
				CLANG_WARN_NON_LITERAL_NULL_CONVERSION = YES;
				CLANG_WARN_OBJC_IMPLICIT_RETAIN_SELF = YES;
				CLANG_WARN_OBJC_LITERAL_CONVERSION = YES;
				CLANG_WARN_OBJC_ROOT_CLASS = YES_ERROR;
				CLANG_WARN_QUOTED_INCLUDE_IN_FRAMEWORK_HEADER = YES;
				CLANG_WARN_RANGE_LOOP_ANALYSIS = YES;
				CLANG_WARN_STRICT_PROTOTYPES = YES;
				CLANG_WARN_SUSPICIOUS_MOVE = YES;
				CLANG_WARN_UNGUARDED_AVAILABILITY = YES_AGGRESSIVE;
				CLANG_WARN_UNREACHABLE_CODE = YES;
				CLANG_WARN__DUPLICATE_METHOD_MATCH = YES;
				COPY_PHASE_STRIP = NO;
				DEBUG_INFORMATION_FORMAT = "dwarf-with-dsym";
				ENABLE_NS_ASSERTIONS = NO;
				ENABLE_STRICT_OBJC_MSGSEND = YES;
				GCC_C_LANGUAGE_STANDARD = gnu11;
				GCC_NO_COMMON_BLOCKS = YES;
				GCC_WARN_64_TO_32_BIT_CONVERSION = YES;
				GCC_WARN_ABOUT_RETURN_TYPE = YES_ERROR;
				GCC_WARN_UNDECLARED_SELECTOR = YES;
				GCC_WARN_UNINITIALIZED_AUTOS = YES_AGGRESSIVE;
				GCC_WARN_UNUSED_FUNCTION = YES;
				GCC_WARN_UNUSED_VARIABLE = YES;
				IPHONEOS_DEPLOYMENT_TARGET = 14.0;
				MTL_ENABLE_DEBUG_INFO = NO;
				MTL_FAST_MATH = YES;
				SDKROOT = iphoneos;
				SWIFT_COMPILATION_MODE = wholemodule;
				SWIFT_OPTIMIZATION_LEVEL = "-O";
				VALIDATE_PRODUCT = YES;
			};
			name = Release;
		};
		B975DF2B253F4CC0008722AE /* Debug */ = {
			isa = XCBuildConfiguration;
			buildSettings = {
				ASSETCATALOG_COMPILER_APPICON_NAME = AppIcon;
				ASSETCATALOG_COMPILER_GLOBAL_ACCENT_COLOR_NAME = AccentColor;
				CODE_SIGN_STYLE = Automatic;
				DEVELOPMENT_TEAM = GG9V45QPUJ;
				INFOPLIST_FILE = Fetch/Info.plist;
				LD_RUNPATH_SEARCH_PATHS = (
					"$(inherited)",
					"@executable_path/Frameworks",
				);
				PRODUCT_BUNDLE_IDENTIFIER = com.AndrewGarcia.Fetch;
				PRODUCT_NAME = "$(TARGET_NAME)";
				SWIFT_VERSION = 5.0;
				TARGETED_DEVICE_FAMILY = "1,2";
			};
			name = Debug;
		};
		B975DF2C253F4CC0008722AE /* Release */ = {
			isa = XCBuildConfiguration;
			buildSettings = {
				ASSETCATALOG_COMPILER_APPICON_NAME = AppIcon;
				ASSETCATALOG_COMPILER_GLOBAL_ACCENT_COLOR_NAME = AccentColor;
				CODE_SIGN_STYLE = Automatic;
				DEVELOPMENT_TEAM = GG9V45QPUJ;
				INFOPLIST_FILE = Fetch/Info.plist;
				LD_RUNPATH_SEARCH_PATHS = (
					"$(inherited)",
					"@executable_path/Frameworks",
				);
				PRODUCT_BUNDLE_IDENTIFIER = com.AndrewGarcia.Fetch;
				PRODUCT_NAME = "$(TARGET_NAME)";
				SWIFT_VERSION = 5.0;
				TARGETED_DEVICE_FAMILY = "1,2";
			};
			name = Release;
		};
/* End XCBuildConfiguration section */

/* Begin XCConfigurationList section */
		B975DF11253F4CC0008722AE /* Build configuration list for PBXProject "Fetch" */ = {
			isa = XCConfigurationList;
			buildConfigurations = (
				B975DF28253F4CC0008722AE /* Debug */,
				B975DF29253F4CC0008722AE /* Release */,
			);
			defaultConfigurationIsVisible = 0;
			defaultConfigurationName = Release;
		};
		B975DF2A253F4CC0008722AE /* Build configuration list for PBXNativeTarget "Fetch" */ = {
			isa = XCConfigurationList;
			buildConfigurations = (
				B975DF2B253F4CC0008722AE /* Debug */,
				B975DF2C253F4CC0008722AE /* Release */,
			);
			defaultConfigurationIsVisible = 0;
			defaultConfigurationName = Release;
		};
/* End XCConfigurationList section */
	};
	rootObject = B975DF0E253F4CC0008722AE /* Project object */;
}
